
Microsoft Visual Studio Solution File, Format Version 12.00
# Visual Studio 15
VisualStudioVersion = 15.0.28307.852
MinimumVisualStudioVersion = 10.0.40219.1
Project("{2150E333-8FDC-42A3-9474-1A3956D46DE8}") = "src", "src", "{1CBE7C5B-AD01-44FC-8EC1-D2D6BA8BF55C}"
EndProject
Project("{2150E333-8FDC-42A3-9474-1A3956D46DE8}") = "Gateway", "Gateway", "{46FB418F-8769-4830-A9FC-D763396A4460}"
EndProject
Project("{2150E333-8FDC-42A3-9474-1A3956D46DE8}") = "Services", "Services", "{FEBB93E8-0ACB-4BD0-9C18-FB2BC3998AD6}"
EndProject
Project("{FAE04EC0-301F-11D3-BF4B-00C04F79EFBC}") = "Bucket.Transaction.WebAPI", "Bucket.Transaction.WebAPI\Bucket.Transaction.WebAPI.csproj", "{9AC6BDDE-83FB-4E91-BDB6-BB76BF2C3376}"
EndProject
Project("{FAE04EC0-301F-11D3-BF4B-00C04F79EFBC}") = "Bucket.Management.WebAPI", "Bucket.Management.WebAPI\Bucket.Management.WebAPI.csproj", "{FFD627E0-1152-4FC0-9AAD-CF17B1A9CC15}"
EndProject
Project("{FAE04EC0-301F-11D3-BF4B-00C04F79EFBC}") = "Bucket.Configuration.WebAPI", "Bucket.Configuration.WebAPI\Bucket.Configuration.WebAPI.csproj", "{0B3770E4-02AD-4776-96A9-16C2FB8BA7EC}"
EndProject
Project("{2150E333-8FDC-42A3-9474-1A3956D46DE8}") = "Transaction", "Transaction", "{0D1D824F-0B2A-4452-9630-94B57973E9B3}"
EndProject
Project("{2150E333-8FDC-42A3-9474-1A3956D46DE8}") = "Configuration", "Configuration", "{10A2EC74-86F1-4EBC-B2BF-80727C060B2A}"
EndProject
Project("{2150E333-8FDC-42A3-9474-1A3956D46DE8}") = "Management", "Management", "{77CF8219-BB4E-437E-B441-B076A4271D48}"
EndProject
Project("{FAE04EC0-301F-11D3-BF4B-00C04F79EFBC}") = "Bucket.WebGetway", "Bucket.WebGetway\Bucket.WebGetway.csproj", "{BF0D1540-963D-45C9-B553-B3853EF7BF95}"
EndProject
Global
	GlobalSection(SolutionConfigurationPlatforms) = preSolution
		Debug|Any CPU = Debug|Any CPU
		Release|Any CPU = Release|Any CPU
	EndGlobalSection
	GlobalSection(ProjectConfigurationPlatforms) = postSolution
		{9AC6BDDE-83FB-4E91-BDB6-BB76BF2C3376}.Debug|Any CPU.ActiveCfg = Debug|Any CPU
		{9AC6BDDE-83FB-4E91-BDB6-BB76BF2C3376}.Debug|Any CPU.Build.0 = Debug|Any CPU
		{9AC6BDDE-83FB-4E91-BDB6-BB76BF2C3376}.Release|Any CPU.ActiveCfg = Release|Any CPU
		{9AC6BDDE-83FB-4E91-BDB6-BB76BF2C3376}.Release|Any CPU.Build.0 = Release|Any CPU
		{FFD627E0-1152-4FC0-9AAD-CF17B1A9CC15}.Debug|Any CPU.ActiveCfg = Debug|Any CPU
		{FFD627E0-1152-4FC0-9AAD-CF17B1A9CC15}.Debug|Any CPU.Build.0 = Debug|Any CPU
		{FFD627E0-1152-4FC0-9AAD-CF17B1A9CC15}.Release|Any CPU.ActiveCfg = Release|Any CPU
		{FFD627E0-1152-4FC0-9AAD-CF17B1A9CC15}.Release|Any CPU.Build.0 = Release|Any CPU
		{0B3770E4-02AD-4776-96A9-16C2FB8BA7EC}.Debug|Any CPU.ActiveCfg = Debug|Any CPU
		{0B3770E4-02AD-4776-96A9-16C2FB8BA7EC}.Debug|Any CPU.Build.0 = Debug|Any CPU
		{0B3770E4-02AD-4776-96A9-16C2FB8BA7EC}.Release|Any CPU.ActiveCfg = Release|Any CPU
		{0B3770E4-02AD-4776-96A9-16C2FB8BA7EC}.Release|Any CPU.Build.0 = Release|Any CPU
		{BF0D1540-963D-45C9-B553-B3853EF7BF95}.Debug|Any CPU.ActiveCfg = Debug|Any CPU
		{BF0D1540-963D-45C9-B553-B3853EF7BF95}.Debug|Any CPU.Build.0 = Debug|Any CPU
		{BF0D1540-963D-45C9-B553-B3853EF7BF95}.Release|Any CPU.ActiveCfg = Release|Any CPU
		{BF0D1540-963D-45C9-B553-B3853EF7BF95}.Release|Any CPU.Build.0 = Release|Any CPU
	EndGlobalSection
	GlobalSection(SolutionProperties) = preSolution
		HideSolutionNode = FALSE
	EndGlobalSection
	GlobalSection(NestedProjects) = preSolution
		{46FB418F-8769-4830-A9FC-D763396A4460} = {1CBE7C5B-AD01-44FC-8EC1-D2D6BA8BF55C}
		{FEBB93E8-0ACB-4BD0-9C18-FB2BC3998AD6} = {1CBE7C5B-AD01-44FC-8EC1-D2D6BA8BF55C}
		{9AC6BDDE-83FB-4E91-BDB6-BB76BF2C3376} = {0D1D824F-0B2A-4452-9630-94B57973E9B3}
		{FFD627E0-1152-4FC0-9AAD-CF17B1A9CC15} = {77CF8219-BB4E-437E-B441-B076A4271D48}
		{0B3770E4-02AD-4776-96A9-16C2FB8BA7EC} = {10A2EC74-86F1-4EBC-B2BF-80727C060B2A}
		{0D1D824F-0B2A-4452-9630-94B57973E9B3} = {FEBB93E8-0ACB-4BD0-9C18-FB2BC3998AD6}
		{10A2EC74-86F1-4EBC-B2BF-80727C060B2A} = {FEBB93E8-0ACB-4BD0-9C18-FB2BC3998AD6}
		{77CF8219-BB4E-437E-B441-B076A4271D48} = {FEBB93E8-0ACB-4BD0-9C18-FB2BC3998AD6}
		{BF0D1540-963D-45C9-B553-B3853EF7BF95} = {46FB418F-8769-4830-A9FC-D763396A4460}
	EndGlobalSection
	GlobalSection(ExtensibilityGlobals) = postSolution
		SolutionGuid = {67485CF3-33AA-4FF6-A27E-1F864C1E3EDD}
	EndGlobalSection
EndGlobal
